
Microsoft Visual Studio Solution File, Format Version 12.00
# Visual Studio 15
VisualStudioVersion = 15.0.26124.0
MinimumVisualStudioVersion = 15.0.26124.0
Project("{FAE04EC0-301F-11D3-BF4B-00C04F79EFBC}") = "CiConsoleTest", "CiConsoleTest\CiConsoleTest.csproj", "{BFFE89D7-0834-4C95-B524-04F316C422E8}"
EndProject
Project("{FAE04EC0-301F-11D3-BF4B-00C04F79EFBC}") = "CiConsoleTest.Test", "CiConsoleTest.Test\CiConsoleTest.Test.csproj", "{CBA4A230-10E4-4B17-81D4-3DA8F59E46A3}"
EndProject
Global
	GlobalSection(SolutionConfigurationPlatforms) = preSolution
		Debug|Any CPU = Debug|Any CPU
		Debug|x64 = Debug|x64
		Debug|x86 = Debug|x86
		Release|Any CPU = Release|Any CPU
		Release|x64 = Release|x64
		Release|x86 = Release|x86
	EndGlobalSection
	GlobalSection(SolutionProperties) = preSolution
		HideSolutionNode = FALSE
	EndGlobalSection
	GlobalSection(ProjectConfigurationPlatforms) = postSolution
		{BFFE89D7-0834-4C95-B524-04F316C422E8}.Debug|Any CPU.ActiveCfg = Debug|Any CPU
		{BFFE89D7-0834-4C95-B524-04F316C422E8}.Debug|Any CPU.Build.0 = Debug|Any CPU
		{BFFE89D7-0834-4C95-B524-04F316C422E8}.Debug|x64.ActiveCfg = Debug|Any CPU
		{BFFE89D7-0834-4C95-B524-04F316C422E8}.Debug|x64.Build.0 = Debug|Any CPU
		{BFFE89D7-0834-4C95-B524-04F316C422E8}.Debug|x86.ActiveCfg = Debug|Any CPU
		{BFFE89D7-0834-4C95-B524-04F316C422E8}.Debug|x86.Build.0 = Debug|Any CPU
		{BFFE89D7-0834-4C95-B524-04F316C422E8}.Release|Any CPU.ActiveCfg = Release|Any CPU
		{BFFE89D7-0834-4C95-B524-04F316C422E8}.Release|Any CPU.Build.0 = Release|Any CPU
		{BFFE89D7-0834-4C95-B524-04F316C422E8}.Release|x64.ActiveCfg = Release|Any CPU
		{BFFE89D7-0834-4C95-B524-04F316C422E8}.Release|x64.Build.0 = Release|Any CPU
		{BFFE89D7-0834-4C95-B524-04F316C422E8}.Release|x86.ActiveCfg = Release|Any CPU
		{BFFE89D7-0834-4C95-B524-04F316C422E8}.Release|x86.Build.0 = Release|Any CPU
		{CBA4A230-10E4-4B17-81D4-3DA8F59E46A3}.Debug|Any CPU.ActiveCfg = Debug|Any CPU
		{CBA4A230-10E4-4B17-81D4-3DA8F59E46A3}.Debug|Any CPU.Build.0 = Debug|Any CPU
		{CBA4A230-10E4-4B17-81D4-3DA8F59E46A3}.Debug|x64.ActiveCfg = Debug|Any CPU
		{CBA4A230-10E4-4B17-81D4-3DA8F59E46A3}.Debug|x64.Build.0 = Debug|Any CPU
		{CBA4A230-10E4-4B17-81D4-3DA8F59E46A3}.Debug|x86.ActiveCfg = Debug|Any CPU
		{CBA4A230-10E4-4B17-81D4-3DA8F59E46A3}.Debug|x86.Build.0 = Debug|Any CPU
		{CBA4A230-10E4-4B17-81D4-3DA8F59E46A3}.Release|Any CPU.ActiveCfg = Release|Any CPU
		{CBA4A230-10E4-4B17-81D4-3DA8F59E46A3}.Release|Any CPU.Build.0 = Release|Any CPU
		{CBA4A230-10E4-4B17-81D4-3DA8F59E46A3}.Release|x64.ActiveCfg = Release|Any CPU
		{CBA4A230-10E4-4B17-81D4-3DA8F59E46A3}.Release|x64.Build.0 = Release|Any CPU
		{CBA4A230-10E4-4B17-81D4-3DA8F59E46A3}.Release|x86.ActiveCfg = Release|Any CPU
		{CBA4A230-10E4-4B17-81D4-3DA8F59E46A3}.Release|x86.Build.0 = Release|Any CPU
	EndGlobalSection
EndGlobal
